
Microsoft Visual Studio Solution File, Format Version 12.00
# Visual Studio Version 17
VisualStudioVersion = 17.5.2.0
MinimumVisualStudioVersion = 10.0.40219.1
Project("{FAE04EC0-301F-11D3-BF4B-00C04F79EFBC}") = "app", "app\app.csproj", "{AD835511-44FE-4A61-B9AA-E653036BFCCE}"
EndProject
Global
	GlobalSection(SolutionConfigurationPlatforms) = preSolution
		Debug|Any CPU = Debug|Any CPU
		Debug|x64 = Debug|x64
		Debug|x86 = Debug|x86
		Release|Any CPU = Release|Any CPU
		Release|x64 = Release|x64
		Release|x86 = Release|x86
	EndGlobalSection
	GlobalSection(ProjectConfigurationPlatforms) = postSolution
		{AD835511-44FE-4A61-B9AA-E653036BFCCE}.Debug|Any CPU.ActiveCfg = Debug|Any CPU
		{AD835511-44FE-4A61-B9AA-E653036BFCCE}.Debug|Any CPU.Build.0 = Debug|Any CPU
		{AD835511-44FE-4A61-B9AA-E653036BFCCE}.Debug|x64.ActiveCfg = Debug|Any CPU
		{AD835511-44FE-4A61-B9AA-E653036BFCCE}.Debug|x64.Build.0 = Debug|Any CPU
		{AD835511-44FE-4A61-B9AA-E653036BFCCE}.Debug|x86.ActiveCfg = Debug|Any CPU
		{AD835511-44FE-4A61-B9AA-E653036BFCCE}.Debug|x86.Build.0 = Debug|Any CPU
		{AD835511-44FE-4A61-B9AA-E653036BFCCE}.Release|Any CPU.ActiveCfg = Release|Any CPU
		{AD835511-44FE-4A61-B9AA-E653036BFCCE}.Release|Any CPU.Build.0 = Release|Any CPU
		{AD835511-44FE-4A61-B9AA-E653036BFCCE}.Release|x64.ActiveCfg = Release|Any CPU
		{AD835511-44FE-4A61-B9AA-E653036BFCCE}.Release|x64.Build.0 = Release|Any CPU
		{AD835511-44FE-4A61-B9AA-E653036BFCCE}.Release|x86.ActiveCfg = Release|Any CPU
		{AD835511-44FE-4A61-B9AA-E653036BFCCE}.Release|x86.Build.0 = Release|Any CPU
	EndGlobalSection
	GlobalSection(SolutionProperties) = preSolution
		HideSolutionNode = FALSE
	EndGlobalSection
	GlobalSection(ExtensibilityGlobals) = postSolution
		SolutionGuid = {ED876AFB-597B-44B0-BD3D-0427D7222748}
	EndGlobalSection
EndGlobal
